
Microsoft Visual Studio Solution File, Format Version 12.00
# Visual Studio Version 17
VisualStudioVersion = 17.0.32014.148
MinimumVisualStudioVersion = 10.0.40219.1
Project("{9A19103F-16F7-4668-BE54-9A1E7A4F7556}") = "FreeToknow", "FreeToknow.csproj", "{2521316B-745C-40C8-AB4D-39ECFFD42556}"
EndProject
Global
	GlobalSection(SolutionConfigurationPlatforms) = preSolution
		Debug|Any CPU = Debug|Any CPU
		Release|Any CPU = Release|Any CPU
	EndGlobalSection
	GlobalSection(ProjectConfigurationPlatforms) = postSolution
		{2521316B-745C-40C8-AB4D-39ECFFD42556}.Debug|Any CPU.ActiveCfg = Debug|Any CPU
		{2521316B-745C-40C8-AB4D-39ECFFD42556}.Debug|Any CPU.Build.0 = Debug|Any CPU
		{2521316B-745C-40C8-AB4D-39ECFFD42556}.Release|Any CPU.ActiveCfg = Release|Any CPU
		{2521316B-745C-40C8-AB4D-39ECFFD42556}.Release|Any CPU.Build.0 = Release|Any CPU
	EndGlobalSection
	GlobalSection(SolutionProperties) = preSolution
		HideSolutionNode = FALSE
	EndGlobalSection
	GlobalSection(ExtensibilityGlobals) = postSolution
		SolutionGuid = {2A772F80-FDC6-4E5E-995B-5C2C0058F1E5}
	EndGlobalSection
EndGlobal
